
Microsoft Visual Studio Solution File, Format Version 12.00
# Visual Studio Version 16
VisualStudioVersion = 16.0.32002.261
MinimumVisualStudioVersion = 10.0.40219.1
Project("{FAE04EC0-301F-11D3-BF4B-00C04F79EFBC}") = "Template_Console", "Template_Console\Template_Console.csproj", "{B0FFD727-70D6-48E9-8B71-8BA09AFB8554}"
EndProject
Global
	GlobalSection(SolutionConfigurationPlatforms) = preSolution
		Debug|Any CPU = Debug|Any CPU
		Release|Any CPU = Release|Any CPU
	EndGlobalSection
	GlobalSection(ProjectConfigurationPlatforms) = postSolution
		{B0FFD727-70D6-48E9-8B71-8BA09AFB8554}.Debug|Any CPU.ActiveCfg = Debug|Any CPU
		{B0FFD727-70D6-48E9-8B71-8BA09AFB8554}.Debug|Any CPU.Build.0 = Debug|Any CPU
		{B0FFD727-70D6-48E9-8B71-8BA09AFB8554}.Release|Any CPU.ActiveCfg = Release|Any CPU
		{B0FFD727-70D6-48E9-8B71-8BA09AFB8554}.Release|Any CPU.Build.0 = Release|Any CPU
	EndGlobalSection
	GlobalSection(SolutionProperties) = preSolution
		HideSolutionNode = FALSE
	EndGlobalSection
	GlobalSection(ExtensibilityGlobals) = postSolution
		SolutionGuid = {8CC84978-67B8-4AFB-A573-020277FF4CDC}
	EndGlobalSection
EndGlobal
